
Microsoft Visual Studio Solution File, Format Version 12.00
# Visual Studio 15
VisualStudioVersion = 15.0.27428.2037
MinimumVisualStudioVersion = 10.0.40219.1
Project("{FAE04EC0-301F-11D3-BF4B-00C04F79EFBC}") = "SearchEntitiesFormsApp", "SearchEntitiesFormsApp\SearchEntitiesFormsApp.csproj", "{C07ABD99-F390-46DC-ADFB-0080099251D3}"
EndProject
Global
	GlobalSection(SolutionConfigurationPlatforms) = preSolution
		Debug|Any CPU = Debug|Any CPU
		Release|Any CPU = Release|Any CPU
	EndGlobalSection
	GlobalSection(ProjectConfigurationPlatforms) = postSolution
		{C07ABD99-F390-46DC-ADFB-0080099251D3}.Debug|Any CPU.ActiveCfg = Debug|Any CPU
		{C07ABD99-F390-46DC-ADFB-0080099251D3}.Debug|Any CPU.Build.0 = Debug|Any CPU
		{C07ABD99-F390-46DC-ADFB-0080099251D3}.Release|Any CPU.ActiveCfg = Release|Any CPU
		{C07ABD99-F390-46DC-ADFB-0080099251D3}.Release|Any CPU.Build.0 = Release|Any CPU
	EndGlobalSection
	GlobalSection(SolutionProperties) = preSolution
		HideSolutionNode = FALSE
	EndGlobalSection
	GlobalSection(ExtensibilityGlobals) = postSolution
		SolutionGuid = {78F8237D-A582-477F-8FE2-EC3CA03CDB3F}
	EndGlobalSection
EndGlobal
